// !$*UTF8*$!
{
	archiveVersion = 1;
	classes = {
	};
	objectVersion = 56;
	objects = {

/* Begin PBXBuildFile section */
		1FE1C33429F3C7B90078EE2A /* Launchscreen.storyboard in Resources */ = {isa = PBXBuildFile; fileRef = 1FE1C33329F3C7B90078EE2A /* Launchscreen.storyboard */; };
		F8A59A5B29F20C1300599D73 /* DictaiphoneApp.swift in Sources */ = {isa = PBXBuildFile; fileRef = F8A59A5A29F20C1300599D73 /* DictaiphoneApp.swift */; };
		F8A59A5F29F20C1400599D73 /* Assets.xcassets in Resources */ = {isa = PBXBuildFile; fileRef = F8A59A5E29F20C1400599D73 /* Assets.xcassets */; };
		F8A59A6329F20C1400599D73 /* Preview Assets.xcassets in Resources */ = {isa = PBXBuildFile; fileRef = F8A59A6229F20C1400599D73 /* Preview Assets.xcassets */; };
		F8A59A6A29F20C8D00599D73 /* Summarizer.swift in Sources */ = {isa = PBXBuildFile; fileRef = F8A59A6929F20C8D00599D73 /* Summarizer.swift */; };
		F8A59A6D29F20CFC00599D73 /* OpenAIKit in Frameworks */ = {isa = PBXBuildFile; productRef = F8A59A6C29F20CFC00599D73 /* OpenAIKit */; };
		F8A59A7429F20D0700599D73 /* NotesListView.swift in Sources */ = {isa = PBXBuildFile; fileRef = F8A59A6E29F20D0700599D73 /* NotesListView.swift */; };
		F8A59A7529F20D0700599D73 /* CreateNoteView.swift in Sources */ = {isa = PBXBuildFile; fileRef = F8A59A6F29F20D0700599D73 /* CreateNoteView.swift */; };
		F8A59A7629F20D0700599D73 /* NoteView.swift in Sources */ = {isa = PBXBuildFile; fileRef = F8A59A7029F20D0700599D73 /* NoteView.swift */; };
		F8A59A7729F20D0700599D73 /* DataStore.swift in Sources */ = {isa = PBXBuildFile; fileRef = F8A59A7129F20D0700599D73 /* DataStore.swift */; };
		F8A59A7829F20D0700599D73 /* DataModel.xcdatamodeld in Sources */ = {isa = PBXBuildFile; fileRef = F8A59A7229F20D0700599D73 /* DataModel.xcdatamodeld */; };
		F8A59A7A29F2170200599D73 /* NoteDetailView.swift in Sources */ = {isa = PBXBuildFile; fileRef = F8A59A7929F2170200599D73 /* NoteDetailView.swift */; };
		F8A59A7C29F21E8E00599D73 /* FullTranscriptView.swift in Sources */ = {isa = PBXBuildFile; fileRef = F8A59A7B29F21E8E00599D73 /* FullTranscriptView.swift */; };
		F8A59A7F29F228E800599D73 /* Secret.swift in Sources */ = {isa = PBXBuildFile; fileRef = F8A59A7E29F228E800599D73 /* Secret.swift */; };
		F8EA6F3A29F2E82500CAAE7D /* SwiftWhisper in Frameworks */ = {isa = PBXBuildFile; productRef = F8EA6F3929F2E82500CAAE7D /* SwiftWhisper */; };
		F8EA6F3F29F39AE700CAAE7D /* ggml-small.bin in Resources */ = {isa = PBXBuildFile; fileRef = F8EA6F3E29F39AE700CAAE7D /* ggml-small.bin */; };
/* End PBXBuildFile section */

/* Begin PBXFileReference section */
		1FE1C33329F3C7B90078EE2A /* Launchscreen.storyboard */ = {isa = PBXFileReference; lastKnownFileType = file.storyboard; path = Launchscreen.storyboard; sourceTree = "<group>"; };
		F8A59A5729F20C1300599D73 /* Dictaiphone.app */ = {isa = PBXFileReference; explicitFileType = wrapper.application; includeInIndex = 0; path = Dictaiphone.app; sourceTree = BUILT_PRODUCTS_DIR; };
		F8A59A5A29F20C1300599D73 /* DictaiphoneApp.swift */ = {isa = PBXFileReference; lastKnownFileType = sourcecode.swift; path = DictaiphoneApp.swift; sourceTree = "<group>"; };
		F8A59A5E29F20C1400599D73 /* Assets.xcassets */ = {isa = PBXFileReference; lastKnownFileType = folder.assetcatalog; path = Assets.xcassets; sourceTree = "<group>"; };
		F8A59A6029F20C1400599D73 /* Dictaiphone.entitlements */ = {isa = PBXFileReference; lastKnownFileType = text.plist.entitlements; path = Dictaiphone.entitlements; sourceTree = "<group>"; };
		F8A59A6229F20C1400599D73 /* Preview Assets.xcassets */ = {isa = PBXFileReference; lastKnownFileType = folder.assetcatalog; path = "Preview Assets.xcassets"; sourceTree = "<group>"; };
		F8A59A6929F20C8D00599D73 /* Summarizer.swift */ = {isa = PBXFileReference; lastKnownFileType = sourcecode.swift; path = Summarizer.swift; sourceTree = "<group>"; };
		F8A59A6E29F20D0700599D73 /* NotesListView.swift */ = {isa = PBXFileReference; fileEncoding = 4; lastKnownFileType = sourcecode.swift; path = NotesListView.swift; sourceTree = "<group>"; };
		F8A59A6F29F20D0700599D73 /* CreateNoteView.swift */ = {isa = PBXFileReference; fileEncoding = 4; lastKnownFileType = sourcecode.swift; path = CreateNoteView.swift; sourceTree = "<group>"; };
		F8A59A7029F20D0700599D73 /* NoteView.swift */ = {isa = PBXFileReference; fileEncoding = 4; lastKnownFileType = sourcecode.swift; path = NoteView.swift; sourceTree = "<group>"; };
		F8A59A7129F20D0700599D73 /* DataStore.swift */ = {isa = PBXFileReference; fileEncoding = 4; lastKnownFileType = sourcecode.swift; path = DataStore.swift; sourceTree = "<group>"; };
		F8A59A7329F20D0700599D73 /* Model.xcdatamodel */ = {isa = PBXFileReference; lastKnownFileType = wrapper.xcdatamodel; path = Model.xcdatamodel; sourceTree = "<group>"; };
		F8A59A7929F2170200599D73 /* NoteDetailView.swift */ = {isa = PBXFileReference; lastKnownFileType = sourcecode.swift; path = NoteDetailView.swift; sourceTree = "<group>"; };
		F8A59A7B29F21E8E00599D73 /* FullTranscriptView.swift */ = {isa = PBXFileReference; lastKnownFileType = sourcecode.swift; path = FullTranscriptView.swift; sourceTree = "<group>"; };
		F8A59A7E29F228E800599D73 /* Secret.swift */ = {isa = PBXFileReference; lastKnownFileType = sourcecode.swift; path = Secret.swift; sourceTree = "<group>"; };
		F8A59A8029F2295900599D73 /* Info.plist */ = {isa = PBXFileReference; lastKnownFileType = text.plist; path = Info.plist; sourceTree = "<group>"; };
		F8EA6F3D29F3990D00CAAE7D /* Secret.xcconfig */ = {isa = PBXFileReference; lastKnownFileType = text.xcconfig; path = Secret.xcconfig; sourceTree = "<group>"; };
		F8EA6F3E29F39AE700CAAE7D /* ggml-small.bin */ = {isa = PBXFileReference; lastKnownFileType = archive.macbinary; path = "ggml-small.bin"; sourceTree = "<group>"; };
/* End PBXFileReference section */

/* Begin PBXFrameworksBuildPhase section */
		F8A59A5429F20C1300599D73 /* Frameworks */ = {
			isa = PBXFrameworksBuildPhase;
			buildActionMask = 2147483647;
			files = (
				F8A59A6D29F20CFC00599D73 /* OpenAIKit in Frameworks */,
				F8EA6F3A29F2E82500CAAE7D /* SwiftWhisper in Frameworks */,
			);
			runOnlyForDeploymentPostprocessing = 0;
		};
/* End PBXFrameworksBuildPhase section */

/* Begin PBXGroup section */
		F8A59A4E29F20C1300599D73 = {
			isa = PBXGroup;
			children = (
				F8A59A5929F20C1300599D73 /* Dictaiphone */,
				F8A59A5829F20C1300599D73 /* Products */,
			);
			sourceTree = "<group>";
		};
		F8A59A5829F20C1300599D73 /* Products */ = {
			isa = PBXGroup;
			children = (
				F8A59A5729F20C1300599D73 /* Dictaiphone.app */,
			);
			name = Products;
			sourceTree = "<group>";
		};
		F8A59A5929F20C1300599D73 /* Dictaiphone */ = {
			isa = PBXGroup;
			children = (
				F8A59A8029F2295900599D73 /* Info.plist */,
				F8A59A5A29F20C1300599D73 /* DictaiphoneApp.swift */,
				F8A59A6929F20C8D00599D73 /* Summarizer.swift */,
				F8A59A7129F20D0700599D73 /* DataStore.swift */,
				F8A59A7E29F228E800599D73 /* Secret.swift */,
				F8EA6F3429F2CA0900CAAE7D /* Views */,
				F8EA6F3D29F3990D00CAAE7D /* Secret.xcconfig */,
				F8EA6F3E29F39AE700CAAE7D /* ggml-small.bin */,
				F8A59A7229F20D0700599D73 /* DataModel.xcdatamodeld */,
				F8A59A5E29F20C1400599D73 /* Assets.xcassets */,
				F8A59A6029F20C1400599D73 /* Dictaiphone.entitlements */,
				F8A59A6129F20C1400599D73 /* Preview Content */,
				1FE1C33329F3C7B90078EE2A /* Launchscreen.storyboard */,
			);
			path = Dictaiphone;
			sourceTree = "<group>";
		};
		F8A59A6129F20C1400599D73 /* Preview Content */ = {
			isa = PBXGroup;
			children = (
				F8A59A6229F20C1400599D73 /* Preview Assets.xcassets */,
			);
			path = "Preview Content";
			sourceTree = "<group>";
		};
		F8EA6F3429F2CA0900CAAE7D /* Views */ = {
			isa = PBXGroup;
			children = (
				F8A59A6E29F20D0700599D73 /* NotesListView.swift */,
				F8A59A7029F20D0700599D73 /* NoteView.swift */,
				F8A59A7929F2170200599D73 /* NoteDetailView.swift */,
				F8A59A7B29F21E8E00599D73 /* FullTranscriptView.swift */,
				F8A59A6F29F20D0700599D73 /* CreateNoteView.swift */,
			);
			path = Views;
			sourceTree = "<group>";
		};
/* End PBXGroup section */

/* Begin PBXNativeTarget section */
		F8A59A5629F20C1300599D73 /* Dictaiphone */ = {
			isa = PBXNativeTarget;
			buildConfigurationList = F8A59A6629F20C1400599D73 /* Build configuration list for PBXNativeTarget "Dictaiphone" */;
			buildPhases = (
				F8A59A5329F20C1300599D73 /* Sources */,
				F8A59A5429F20C1300599D73 /* Frameworks */,
				F8A59A5529F20C1300599D73 /* Resources */,
			);
			buildRules = (
			);
			dependencies = (
			);
			name = Dictaiphone;
			packageProductDependencies = (
				F8A59A6C29F20CFC00599D73 /* OpenAIKit */,
				F8EA6F3929F2E82500CAAE7D /* SwiftWhisper */,
			);
			productName = Dictaiphone;
			productReference = F8A59A5729F20C1300599D73 /* Dictaiphone.app */;
			productType = "com.apple.product-type.application";
		};
/* End PBXNativeTarget section */

/* Begin PBXProject section */
		F8A59A4F29F20C1300599D73 /* Project object */ = {
			isa = PBXProject;
			attributes = {
				BuildIndependentTargetsInParallel = 1;
				LastSwiftUpdateCheck = 1430;
				LastUpgradeCheck = 1430;
				TargetAttributes = {
					F8A59A5629F20C1300599D73 = {
						CreatedOnToolsVersion = 14.3;
					};
				};
			};
			buildConfigurationList = F8A59A5229F20C1300599D73 /* Build configuration list for PBXProject "Dictaiphone" */;
			compatibilityVersion = "Xcode 14.0";
			developmentRegion = en;
			hasScannedForEncodings = 0;
			knownRegions = (
				en,
				Base,
			);
			mainGroup = F8A59A4E29F20C1300599D73;
			packageReferences = (
				F8A59A6B29F20CFC00599D73 /* XCRemoteSwiftPackageReference "openai-kit" */,
				F8EA6F3829F2E82500CAAE7D /* XCRemoteSwiftPackageReference "SwiftWhisper" */,
			);
			productRefGroup = F8A59A5829F20C1300599D73 /* Products */;
			projectDirPath = "";
			projectRoot = "";
			targets = (
				F8A59A5629F20C1300599D73 /* Dictaiphone */,
			);
		};
/* End PBXProject section */

/* Begin PBXResourcesBuildPhase section */
		F8A59A5529F20C1300599D73 /* Resources */ = {
			isa = PBXResourcesBuildPhase;
			buildActionMask = 2147483647;
			files = (
				F8A59A6329F20C1400599D73 /* Preview Assets.xcassets in Resources */,
				1FE1C33429F3C7B90078EE2A /* Launchscreen.storyboard in Resources */,
				F8A59A5F29F20C1400599D73 /* Assets.xcassets in Resources */,
				F8EA6F3F29F39AE700CAAE7D /* ggml-small.bin in Resources */,
			);
			runOnlyForDeploymentPostprocessing = 0;
		};
/* End PBXResourcesBuildPhase section */

/* Begin PBXSourcesBuildPhase section */
		F8A59A5329F20C1300599D73 /* Sources */ = {
			isa = PBXSourcesBuildPhase;
			buildActionMask = 2147483647;
			files = (
				F8A59A7729F20D0700599D73 /* DataStore.swift in Sources */,
				F8A59A7F29F228E800599D73 /* Secret.swift in Sources */,
				F8A59A7C29F21E8E00599D73 /* FullTranscriptView.swift in Sources */,
				F8A59A7829F20D0700599D73 /* DataModel.xcdatamodeld in Sources */,
				F8A59A6A29F20C8D00599D73 /* Summarizer.swift in Sources */,
				F8A59A7A29F2170200599D73 /* NoteDetailView.swift in Sources */,
				F8A59A7629F20D0700599D73 /* NoteView.swift in Sources */,
				F8A59A7429F20D0700599D73 /* NotesListView.swift in Sources */,
				F8A59A7529F20D0700599D73 /* CreateNoteView.swift in Sources */,
				F8A59A5B29F20C1300599D73 /* DictaiphoneApp.swift in Sources */,
			);
			runOnlyForDeploymentPostprocessing = 0;
		};
/* End PBXSourcesBuildPhase section */

/* Begin XCBuildConfiguration section */
		F8A59A6429F20C1400599D73 /* Debug */ = {
			isa = XCBuildConfiguration;
			baseConfigurationReference = F8EA6F3D29F3990D00CAAE7D /* Secret.xcconfig */;
			buildSettings = {
				ALWAYS_SEARCH_USER_PATHS = NO;
				CLANG_ANALYZER_NONNULL = YES;
				CLANG_ANALYZER_NUMBER_OBJECT_CONVERSION = YES_AGGRESSIVE;
				CLANG_CXX_LANGUAGE_STANDARD = "gnu++20";
				CLANG_ENABLE_MODULES = YES;
				CLANG_ENABLE_OBJC_ARC = YES;
				CLANG_ENABLE_OBJC_WEAK = YES;
				CLANG_WARN_BLOCK_CAPTURE_AUTORELEASING = YES;
				CLANG_WARN_BOOL_CONVERSION = YES;
				CLANG_WARN_COMMA = YES;
				CLANG_WARN_CONSTANT_CONVERSION = YES;
				CLANG_WARN_DEPRECATED_OBJC_IMPLEMENTATIONS = YES;
				CLANG_WARN_DIRECT_OBJC_ISA_USAGE = YES_ERROR;
				CLANG_WARN_DOCUMENTATION_COMMENTS = YES;
				CLANG_WARN_EMPTY_BODY = YES;
				CLANG_WARN_ENUM_CONVERSION = YES;
				CLANG_WARN_INFINITE_RECURSION = YES;
				CLANG_WARN_INT_CONVERSION = YES;
				CLANG_WARN_NON_LITERAL_NULL_CONVERSION = YES;
				CLANG_WARN_OBJC_IMPLICIT_RETAIN_SELF = YES;
				CLANG_WARN_OBJC_LITERAL_CONVERSION = YES;
				CLANG_WARN_OBJC_ROOT_CLASS = YES_ERROR;
				CLANG_WARN_QUOTED_INCLUDE_IN_FRAMEWORK_HEADER = YES;
				CLANG_WARN_RANGE_LOOP_ANALYSIS = YES;
				CLANG_WARN_STRICT_PROTOTYPES = YES;
				CLANG_WARN_SUSPICIOUS_MOVE = YES;
				CLANG_WARN_UNGUARDED_AVAILABILITY = YES_AGGRESSIVE;
				CLANG_WARN_UNREACHABLE_CODE = YES;
				CLANG_WARN__DUPLICATE_METHOD_MATCH = YES;
				COPY_PHASE_STRIP = NO;
				DEBUG_INFORMATION_FORMAT = dwarf;
				ENABLE_STRICT_OBJC_MSGSEND = YES;
				ENABLE_TESTABILITY = YES;
				GCC_C_LANGUAGE_STANDARD = gnu11;
				GCC_DYNAMIC_NO_PIC = NO;
				GCC_NO_COMMON_BLOCKS = YES;
				GCC_OPTIMIZATION_LEVEL = 0;
				GCC_PREPROCESSOR_DEFINITIONS = (
					"DEBUG=1",
					"$(inherited)",
				);
				GCC_WARN_64_TO_32_BIT_CONVERSION = YES;
				GCC_WARN_ABOUT_RETURN_TYPE = YES_ERROR;
				GCC_WARN_UNDECLARED_SELECTOR = YES;
				GCC_WARN_UNINITIALIZED_AUTOS = YES_AGGRESSIVE;
				GCC_WARN_UNUSED_FUNCTION = YES;
				GCC_WARN_UNUSED_VARIABLE = YES;
				MTL_ENABLE_DEBUG_INFO = INCLUDE_SOURCE;
				MTL_FAST_MATH = YES;
				ONLY_ACTIVE_ARCH = YES;
				SWIFT_ACTIVE_COMPILATION_CONDITIONS = DEBUG;
				SWIFT_OPTIMIZATION_LEVEL = "-Onone";
			};
			name = Debug;
		};
		F8A59A6529F20C1400599D73 /* Release */ = {
			isa = XCBuildConfiguration;
			baseConfigurationReference = F8EA6F3D29F3990D00CAAE7D /* Secret.xcconfig */;
			buildSettings = {
				ALWAYS_SEARCH_USER_PATHS = NO;
				CLANG_ANALYZER_NONNULL = YES;
				CLANG_ANALYZER_NUMBER_OBJECT_CONVERSION = YES_AGGRESSIVE;
				CLANG_CXX_LANGUAGE_STANDARD = "gnu++20";
				CLANG_ENABLE_MODULES = YES;
				CLANG_ENABLE_OBJC_ARC = YES;
				CLANG_ENABLE_OBJC_WEAK = YES;
				CLANG_WARN_BLOCK_CAPTURE_AUTORELEASING = YES;
				CLANG_WARN_BOOL_CONVERSION = YES;
				CLANG_WARN_COMMA = YES;
				CLANG_WARN_CONSTANT_CONVERSION = YES;
				CLANG_WARN_DEPRECATED_OBJC_IMPLEMENTATIONS = YES;
				CLANG_WARN_DIRECT_OBJC_ISA_USAGE = YES_ERROR;
				CLANG_WARN_DOCUMENTATION_COMMENTS = YES;
				CLANG_WARN_EMPTY_BODY = YES;
				CLANG_WARN_ENUM_CONVERSION = YES;
				CLANG_WARN_INFINITE_RECURSION = YES;
				CLANG_WARN_INT_CONVERSION = YES;
				CLANG_WARN_NON_LITERAL_NULL_CONVERSION = YES;
				CLANG_WARN_OBJC_IMPLICIT_RETAIN_SELF = YES;
				CLANG_WARN_OBJC_LITERAL_CONVERSION = YES;
				CLANG_WARN_OBJC_ROOT_CLASS = YES_ERROR;
				CLANG_WARN_QUOTED_INCLUDE_IN_FRAMEWORK_HEADER = YES;
				CLANG_WARN_RANGE_LOOP_ANALYSIS = YES;
				CLANG_WARN_STRICT_PROTOTYPES = YES;
				CLANG_WARN_SUSPICIOUS_MOVE = YES;
				CLANG_WARN_UNGUARDED_AVAILABILITY = YES_AGGRESSIVE;
				CLANG_WARN_UNREACHABLE_CODE = YES;
				CLANG_WARN__DUPLICATE_METHOD_MATCH = YES;
				COPY_PHASE_STRIP = NO;
				DEBUG_INFORMATION_FORMAT = "dwarf-with-dsym";
				ENABLE_NS_ASSERTIONS = NO;
				ENABLE_STRICT_OBJC_MSGSEND = YES;
				GCC_C_LANGUAGE_STANDARD = gnu11;
				GCC_NO_COMMON_BLOCKS = YES;
				GCC_WARN_64_TO_32_BIT_CONVERSION = YES;
				GCC_WARN_ABOUT_RETURN_TYPE = YES_ERROR;
				GCC_WARN_UNDECLARED_SELECTOR = YES;
				GCC_WARN_UNINITIALIZED_AUTOS = YES_AGGRESSIVE;
				GCC_WARN_UNUSED_FUNCTION = YES;
				GCC_WARN_UNUSED_VARIABLE = YES;
				MTL_ENABLE_DEBUG_INFO = NO;
				MTL_FAST_MATH = YES;
				SWIFT_COMPILATION_MODE = wholemodule;
				SWIFT_OPTIMIZATION_LEVEL = "-O";
			};
			name = Release;
		};
		F8A59A6729F20C1400599D73 /* Debug */ = {
			isa = XCBuildConfiguration;
			buildSettings = {
				ASSETCATALOG_COMPILER_APPICON_NAME = AppIcon;
				ASSETCATALOG_COMPILER_GLOBAL_ACCENT_COLOR_NAME = AccentColor;
				CODE_SIGN_ENTITLEMENTS = Dictaiphone/Dictaiphone.entitlements;
				CODE_SIGN_STYLE = Automatic;
				CURRENT_PROJECT_VERSION = 5;
				DEVELOPMENT_ASSET_PATHS = "\"Dictaiphone/Preview Content\"";
				DEVELOPMENT_TEAM = W9R656M3L3;
				ENABLE_HARDENED_RUNTIME = YES;
				ENABLE_PREVIEWS = YES;
				GENERATE_INFOPLIST_FILE = YES;
				INFOPLIST_FILE = Dictaiphone/Info.plist;
				INFOPLIST_KEY_NSMicrophoneUsageDescription = "This app uses the microphone to record your voice notes for transcription and summarization.";
				INFOPLIST_KEY_NSSpeechRecognitionUsageDescription = "This app uses speech recognition to transcribe and summarize your voice notes.";
				"INFOPLIST_KEY_UIApplicationSceneManifest_Generation[sdk=iphoneos*]" = YES;
				"INFOPLIST_KEY_UIApplicationSceneManifest_Generation[sdk=iphonesimulator*]" = YES;
				"INFOPLIST_KEY_UIApplicationSupportsIndirectInputEvents[sdk=iphoneos*]" = YES;
				"INFOPLIST_KEY_UIApplicationSupportsIndirectInputEvents[sdk=iphonesimulator*]" = YES;
				"INFOPLIST_KEY_UILaunchScreen_Generation[sdk=iphoneos*]" = YES;
				"INFOPLIST_KEY_UILaunchScreen_Generation[sdk=iphonesimulator*]" = YES;
				"INFOPLIST_KEY_UIStatusBarStyle[sdk=iphoneos*]" = UIStatusBarStyleDefault;
				"INFOPLIST_KEY_UIStatusBarStyle[sdk=iphonesimulator*]" = UIStatusBarStyleDefault;
				INFOPLIST_KEY_UISupportedInterfaceOrientations_iPad = "UIInterfaceOrientationPortrait UIInterfaceOrientationPortraitUpsideDown UIInterfaceOrientationLandscapeLeft UIInterfaceOrientationLandscapeRight";
				INFOPLIST_KEY_UISupportedInterfaceOrientations_iPhone = "UIInterfaceOrientationPortrait UIInterfaceOrientationLandscapeLeft UIInterfaceOrientationLandscapeRight";
				IPHONEOS_DEPLOYMENT_TARGET = 16.0;
				LD_RUNPATH_SEARCH_PATHS = "@executable_path/Frameworks";
				"LD_RUNPATH_SEARCH_PATHS[sdk=macosx*]" = "@executable_path/../Frameworks";
				MACOSX_DEPLOYMENT_TARGET = 13.3;
				MARKETING_VERSION = 1.0;
				PRODUCT_BUNDLE_IDENTIFIER = com.makeshift.DictaiphoneTest;
				PRODUCT_NAME = "$(TARGET_NAME)";
				SDKROOT = auto;
				SUPPORTED_PLATFORMS = "iphoneos iphonesimulator macosx";
				SWIFT_EMIT_LOC_STRINGS = YES;
				SWIFT_VERSION = 5.0;
				TARGETED_DEVICE_FAMILY = "1,2";
			};
			name = Debug;
		};
		F8A59A6829F20C1400599D73 /* Release */ = {
			isa = XCBuildConfiguration;
			buildSettings = {
				ASSETCATALOG_COMPILER_APPICON_NAME = AppIcon;
				ASSETCATALOG_COMPILER_GLOBAL_ACCENT_COLOR_NAME = AccentColor;
				CODE_SIGN_ENTITLEMENTS = Dictaiphone/Dictaiphone.entitlements;
				CODE_SIGN_STYLE = Automatic;
				CURRENT_PROJECT_VERSION = 5;
				DEVELOPMENT_ASSET_PATHS = "\"Dictaiphone/Preview Content\"";
				DEVELOPMENT_TEAM = W9R656M3L3;
				ENABLE_HARDENED_RUNTIME = YES;
				ENABLE_PREVIEWS = YES;
				GENERATE_INFOPLIST_FILE = YES;
				INFOPLIST_FILE = Dictaiphone/Info.plist;
				INFOPLIST_KEY_NSMicrophoneUsageDescription = "This app uses the microphone to record your voice notes for transcription and summarization.";
				INFOPLIST_KEY_NSSpeechRecognitionUsageDescription = "This app uses speech recognition to transcribe and summarize your voice notes.";
				"INFOPLIST_KEY_UIApplicationSceneManifest_Generation[sdk=iphoneos*]" = YES;
				"INFOPLIST_KEY_UIApplicationSceneManifest_Generation[sdk=iphonesimulator*]" = YES;
				"INFOPLIST_KEY_UIApplicationSupportsIndirectInputEvents[sdk=iphoneos*]" = YES;
				"INFOPLIST_KEY_UIApplicationSupportsIndirectInputEvents[sdk=iphonesimulator*]" = YES;
				"INFOPLIST_KEY_UILaunchScreen_Generation[sdk=iphoneos*]" = YES;
				"INFOPLIST_KEY_UILaunchScreen_Generation[sdk=iphonesimulator*]" = YES;
				"INFOPLIST_KEY_UIStatusBarStyle[sdk=iphoneos*]" = UIStatusBarStyleDefault;
				"INFOPLIST_KEY_UIStatusBarStyle[sdk=iphonesimulator*]" = UIStatusBarStyleDefault;
				INFOPLIST_KEY_UISupportedInterfaceOrientations_iPad = "UIInterfaceOrientationPortrait UIInterfaceOrientationPortraitUpsideDown UIInterfaceOrientationLandscapeLeft UIInterfaceOrientationLandscapeRight";
				INFOPLIST_KEY_UISupportedInterfaceOrientations_iPhone = "UIInterfaceOrientationPortrait UIInterfaceOrientationLandscapeLeft UIInterfaceOrientationLandscapeRight";
				IPHONEOS_DEPLOYMENT_TARGET = 16.0;
				LD_RUNPATH_SEARCH_PATHS = "@executable_path/Frameworks";
				"LD_RUNPATH_SEARCH_PATHS[sdk=macosx*]" = "@executable_path/../Frameworks";
				MACOSX_DEPLOYMENT_TARGET = 13.3;
				MARKETING_VERSION = 1.0;
				PRODUCT_BUNDLE_IDENTIFIER = com.makeshift.DictaiphoneTest;
				PRODUCT_NAME = "$(TARGET_NAME)";
				SDKROOT = auto;
				SUPPORTED_PLATFORMS = "iphoneos iphonesimulator macosx";
				SWIFT_EMIT_LOC_STRINGS = YES;
				SWIFT_VERSION = 5.0;
				TARGETED_DEVICE_FAMILY = "1,2";
			};
			name = Release;
		};
/* End XCBuildConfiguration section */

/* Begin XCConfigurationList section */
		F8A59A5229F20C1300599D73 /* Build configuration list for PBXProject "Dictaiphone" */ = {
			isa = XCConfigurationList;
			buildConfigurations = (
				F8A59A6429F20C1400599D73 /* Debug */,
				F8A59A6529F20C1400599D73 /* Release */,
			);
			defaultConfigurationIsVisible = 0;
			defaultConfigurationName = Release;
		};
		F8A59A6629F20C1400599D73 /* Build configuration list for PBXNativeTarget "Dictaiphone" */ = {
			isa = XCConfigurationList;
			buildConfigurations = (
				F8A59A6729F20C1400599D73 /* Debug */,
				F8A59A6829F20C1400599D73 /* Release */,
			);
			defaultConfigurationIsVisible = 0;
			defaultConfigurationName = Release;
		};
/* End XCConfigurationList section */

/* Begin XCRemoteSwiftPackageReference section */
		F8A59A6B29F20CFC00599D73 /* XCRemoteSwiftPackageReference "openai-kit" */ = {
			isa = XCRemoteSwiftPackageReference;
			repositoryURL = "https://github.com/dylanshine/openai-kit";
			requirement = {
				kind = upToNextMajorVersion;
				minimumVersion = 1.0.0;
			};
		};
		F8EA6F3829F2E82500CAAE7D /* XCRemoteSwiftPackageReference "SwiftWhisper" */ = {
			isa = XCRemoteSwiftPackageReference;
			repositoryURL = "https://github.com/exPHAT/SwiftWhisper";
			requirement = {
				kind = revision;
				revision = 6ed3484c5cf449041b5c9bcb3ac82455d6a586d7;
			};
		};
/* End XCRemoteSwiftPackageReference section */

/* Begin XCSwiftPackageProductDependency section */
		F8A59A6C29F20CFC00599D73 /* OpenAIKit */ = {
			isa = XCSwiftPackageProductDependency;
			package = F8A59A6B29F20CFC00599D73 /* XCRemoteSwiftPackageReference "openai-kit" */;
			productName = OpenAIKit;
		};
		F8EA6F3929F2E82500CAAE7D /* SwiftWhisper */ = {
			isa = XCSwiftPackageProductDependency;
			package = F8EA6F3829F2E82500CAAE7D /* XCRemoteSwiftPackageReference "SwiftWhisper" */;
			productName = SwiftWhisper;
		};
/* End XCSwiftPackageProductDependency section */

/* Begin XCVersionGroup section */
		F8A59A7229F20D0700599D73 /* DataModel.xcdatamodeld */ = {
			isa = XCVersionGroup;
			children = (
				F8A59A7329F20D0700599D73 /* Model.xcdatamodel */,
			);
			currentVersion = F8A59A7329F20D0700599D73 /* Model.xcdatamodel */;
			path = DataModel.xcdatamodeld;
			sourceTree = "<group>";
			versionGroupType = wrapper.xcdatamodel;
		};
/* End XCVersionGroup section */
	};
	rootObject = F8A59A4F29F20C1300599D73 /* Project object */;
}
